
Microsoft Visual Studio Solution File, Format Version 12.00
# Visual Studio Version 17
VisualStudioVersion = 17.4.33122.133
MinimumVisualStudioVersion = 10.0.40219.1
Project("{9A19103F-16F7-4668-BE54-9A1E7A4F7556}") = "AspNetCoreMVC", "AspNetCoreMVC.csproj", "{86666E7E-D8F3-4D94-A090-F71D93EC1B5C}"
EndProject
Global
	GlobalSection(SolutionConfigurationPlatforms) = preSolution
		Debug|Any CPU = Debug|Any CPU
		Release|Any CPU = Release|Any CPU
	EndGlobalSection
	GlobalSection(ProjectConfigurationPlatforms) = postSolution
		{86666E7E-D8F3-4D94-A090-F71D93EC1B5C}.Debug|Any CPU.ActiveCfg = Debug|Any CPU
		{86666E7E-D8F3-4D94-A090-F71D93EC1B5C}.Debug|Any CPU.Build.0 = Debug|Any CPU
		{86666E7E-D8F3-4D94-A090-F71D93EC1B5C}.Release|Any CPU.ActiveCfg = Release|Any CPU
		{86666E7E-D8F3-4D94-A090-F71D93EC1B5C}.Release|Any CPU.Build.0 = Release|Any CPU
	EndGlobalSection
	GlobalSection(SolutionProperties) = preSolution
		HideSolutionNode = FALSE
	EndGlobalSection
	GlobalSection(ExtensibilityGlobals) = postSolution
		SolutionGuid = {758FF67A-BD13-48E8-8601-C542A83A68E4}
	EndGlobalSection
EndGlobal
