
Microsoft Visual Studio Solution File, Format Version 12.00
# Visual Studio Version 16
VisualStudioVersion = 16.0.31702.278
MinimumVisualStudioVersion = 10.0.40219.1
Project("{9A19103F-16F7-4668-BE54-9A1E7A4F7556}") = "OpenRiotAPI", "OpenRiotAPI\OpenRiotAPI.csproj", "{6AB3A0E6-D6E9-4927-A206-644F35ED8CCF}"
EndProject
Global
	GlobalSection(SolutionConfigurationPlatforms) = preSolution
		Debug|Any CPU = Debug|Any CPU
		Release|Any CPU = Release|Any CPU
	EndGlobalSection
	GlobalSection(ProjectConfigurationPlatforms) = postSolution
		{6AB3A0E6-D6E9-4927-A206-644F35ED8CCF}.Debug|Any CPU.ActiveCfg = Debug|Any CPU
		{6AB3A0E6-D6E9-4927-A206-644F35ED8CCF}.Debug|Any CPU.Build.0 = Debug|Any CPU
		{6AB3A0E6-D6E9-4927-A206-644F35ED8CCF}.Release|Any CPU.ActiveCfg = Release|Any CPU
		{6AB3A0E6-D6E9-4927-A206-644F35ED8CCF}.Release|Any CPU.Build.0 = Release|Any CPU
	EndGlobalSection
	GlobalSection(SolutionProperties) = preSolution
		HideSolutionNode = FALSE
	EndGlobalSection
	GlobalSection(ExtensibilityGlobals) = postSolution
		SolutionGuid = {D1D084FD-E882-421D-85DF-FD7E67ABBA88}
	EndGlobalSection
EndGlobal
